
Microsoft Visual Studio Solution File, Format Version 12.00
Project("{FAE04EC0-301F-11D3-BF4B-00C04F79EFBC}") = "Roblox.Web.WebAPI", "Roblox.Web.WebAPI\Roblox.Web.WebAPI\Roblox.Web.WebAPI.csproj", "{9C59B3CB-3ED9-4FB4-94A3-B87B88B557BE}"
EndProject
Project("{FAE04EC0-301F-11D3-BF4B-00C04F79EFBC}") = "Roblox.AccountInformation.Api", "Roblox.AccountInformation.Api\Roblox.AccountInformation.Api\Roblox.AccountInformation.Api.csproj", "{32E2F9A6-1035-4672-AEFA-361AC8C8E98D}"
EndProject
Project("{FAE04EC0-301F-11D3-BF4B-00C04F79EFBC}") = "Roblox.Platform.Membership", "..\Platform\Membership\Roblox.Platform.Membership\Roblox.Platform.Membership.csproj", "{CD25ABF0-F16A-47B8-A88F-F4DFE7236D2B}"
EndProject
Project("{FAE04EC0-301F-11D3-BF4B-00C04F79EFBC}") = "Roblox.Users.Client", "..\ApiClients\Roblox.Users.Client\Roblox.Users.Client.csproj", "{0C75F079-D717-4FF9-8189-458AF8EC06F3}"
EndProject
Project("{FAE04EC0-301F-11D3-BF4B-00C04F79EFBC}") = "Roblox.ApiClientBase", "..\ApiClients\ApiClientBase\Roblox.ApiClientBase\Roblox.ApiClientBase.csproj", "{0FC1D099-5A3A-4325-BBF9-690DA7618A2D}"
EndProject
Project("{FAE04EC0-301F-11D3-BF4B-00C04F79EFBC}") = "Roblox.Sessions.Client", "..\ApiClients\Roblox.Sessions.Client\Roblox.Sessions.Client.csproj", "{428D794C-FAA9-4AEB-A341-F8A0B060BFA5}"
EndProject
Project("{FAE04EC0-301F-11D3-BF4B-00C04F79EFBC}") = "Roblox.Authentication.Api", "Roblox.Authentication.Api\Roblox.Authentication.Api\Roblox.Authentication.Api.csproj", "{7D28C035-A725-4A26-8E56-611693A35CC9}"
EndProject
Project("{FAE04EC0-301F-11D3-BF4B-00C04F79EFBC}") = "Roblox.Platform.Authentication", "..\Platform\Authentication\Roblox.Platform.Authentication\Roblox.Platform.Authentication.csproj", "{EC72E047-9D1A-4FFD-933D-C152003D3EDF}"
EndProject
Project("{FAE04EC0-301F-11D3-BF4B-00C04F79EFBC}") = "Roblox.Web", "Roblox.Web\Roblox.Web\Roblox.Web.csproj", "{84E12D09-1D5C-48DA-A8F4-BB85FA3A2A18}"
EndProject
Project("{FAE04EC0-301F-11D3-BF4B-00C04F79EFBC}") = "Roblox.Passwords.Client", "..\ApiClients\Roblox.Passwords.Client\Roblox.Passwords.Client.csproj", "{A17FC145-29F7-42B0-B153-0DA87DAE37BE}"
EndProject
Project("{FAE04EC0-301F-11D3-BF4B-00C04F79EFBC}") = "Roblox.Web.Authentication", "Roblox.Web.Authentication\Roblox.Web.Authentication\Roblox.Web.Authentication.csproj", "{700ED351-7933-42B0-B54C-97115F41051C}"
EndProject
Project("{FAE04EC0-301F-11D3-BF4B-00C04F79EFBC}") = "Roblox.Authentication.Api.UnitTest", "Roblox.Authentication.Api\Roblox.Authentication.Api.UnitTest\Roblox.Authentication.Api.UnitTest.csproj", "{359149A6-F77D-4EC0-BCE3-0C8C467F7648}"
EndProject
Project("{FAE04EC0-301F-11D3-BF4B-00C04F79EFBC}") = "Roblox.Avatar.Client", "..\ApiClients\Roblox.Avatar.Client\Roblox.Avatar.Client.csproj", "{26121069-5538-4F33-9548-977569DB99EF}"
EndProject
Project("{FAE04EC0-301F-11D3-BF4B-00C04F79EFBC}") = "Roblox.Assets.Client", "..\ApiClients\Roblox.Assets.Client\Roblox.Assets.Client.csproj", "{ED7E43D5-B69B-4564-A141-4A9EFB33E623}"
EndProject
Project("{FAE04EC0-301F-11D3-BF4B-00C04F79EFBC}") = "Roblox.Marketplace.Client", "..\ApiClients\Roblox.Marketplace.Client\Roblox.Marketplace.Client.csproj", "{D8E42E85-0494-44EB-99E5-B40FBD83AE65}"
EndProject
Project("{FAE04EC0-301F-11D3-BF4B-00C04F79EFBC}") = "Roblox.Platform.Avatar", "..\Platform\Avatar\Roblox.Platform.Avatar\Roblox.Platform.Avatar.csproj", "{9717149A-83B9-45FA-948F-8092ADCE74FE}"
EndProject
Project("{FAE04EC0-301F-11D3-BF4B-00C04F79EFBC}") = "Roblox.Platform.Avatar.UnitTest", "..\Platform\Avatar\Roblox.Platform.Avatar.UnitTest\Roblox.Platform.Avatar.UnitTest.csproj", "{3C4A1378-6138-445A-B7EA-7CF74D6E8FE1}"
EndProject
Project("{FAE04EC0-301F-11D3-BF4B-00C04F79EFBC}") = "Roblox.Files.Client", "..\ApiClients\Roblox.Files.Client\Roblox.Files.Client.csproj", "{4D9BF183-9E78-46DC-B50F-F4740E9E8118}"
EndProject
Project("{FAE04EC0-301F-11D3-BF4B-00C04F79EFBC}") = "Roblox.Platform.Thumbnail", "..\Platform\Thumbnail\Roblox.Platform.Thumbnail\Roblox.Platform.Thumbnail.csproj", "{993DCA0B-6496-4365-AD80-20AAC9C50EE0}"
EndProject
Project("{FAE04EC0-301F-11D3-BF4B-00C04F79EFBC}") = "Roblox.Platform.Asset", "..\Platform\Asset\Roblox.Platform.Asset\Roblox.Platform.Asset.csproj", "{8667A6E7-12F1-47FD-B92B-0CBA6DDDDB2B}"
EndProject
Global
	GlobalSection(SolutionConfigurationPlatforms) = preSolution
		Debug|Any CPU = Debug|Any CPU
		Release|Any CPU = Release|Any CPU
	EndGlobalSection
	GlobalSection(ProjectConfigurationPlatforms) = postSolution
		{CD25ABF0-F16A-47B8-A88F-F4DFE7236D2B}.Debug|Any CPU.ActiveCfg = Debug|Any CPU
		{CD25ABF0-F16A-47B8-A88F-F4DFE7236D2B}.Debug|Any CPU.Build.0 = Debug|Any CPU
		{CD25ABF0-F16A-47B8-A88F-F4DFE7236D2B}.Release|Any CPU.ActiveCfg = Release|Any CPU
		{CD25ABF0-F16A-47B8-A88F-F4DFE7236D2B}.Release|Any CPU.Build.0 = Release|Any CPU
		{0C75F079-D717-4FF9-8189-458AF8EC06F3}.Debug|Any CPU.ActiveCfg = Debug|Any CPU
		{0C75F079-D717-4FF9-8189-458AF8EC06F3}.Debug|Any CPU.Build.0 = Debug|Any CPU
		{0C75F079-D717-4FF9-8189-458AF8EC06F3}.Release|Any CPU.ActiveCfg = Release|Any CPU
		{0C75F079-D717-4FF9-8189-458AF8EC06F3}.Release|Any CPU.Build.0 = Release|Any CPU
		{0FC1D099-5A3A-4325-BBF9-690DA7618A2D}.Debug|Any CPU.ActiveCfg = Debug|Any CPU
		{0FC1D099-5A3A-4325-BBF9-690DA7618A2D}.Debug|Any CPU.Build.0 = Debug|Any CPU
		{0FC1D099-5A3A-4325-BBF9-690DA7618A2D}.Release|Any CPU.ActiveCfg = Release|Any CPU
		{0FC1D099-5A3A-4325-BBF9-690DA7618A2D}.Release|Any CPU.Build.0 = Release|Any CPU
		{428D794C-FAA9-4AEB-A341-F8A0B060BFA5}.Debug|Any CPU.ActiveCfg = Debug|Any CPU
		{428D794C-FAA9-4AEB-A341-F8A0B060BFA5}.Debug|Any CPU.Build.0 = Debug|Any CPU
		{428D794C-FAA9-4AEB-A341-F8A0B060BFA5}.Release|Any CPU.ActiveCfg = Release|Any CPU
		{428D794C-FAA9-4AEB-A341-F8A0B060BFA5}.Release|Any CPU.Build.0 = Release|Any CPU
		{7D28C035-A725-4A26-8E56-611693A35CC9}.Debug|Any CPU.ActiveCfg = Debug|Any CPU
		{7D28C035-A725-4A26-8E56-611693A35CC9}.Debug|Any CPU.Build.0 = Debug|Any CPU
		{7D28C035-A725-4A26-8E56-611693A35CC9}.Release|Any CPU.ActiveCfg = Release|Any CPU
		{7D28C035-A725-4A26-8E56-611693A35CC9}.Release|Any CPU.Build.0 = Release|Any CPU
		{EC72E047-9D1A-4FFD-933D-C152003D3EDF}.Debug|Any CPU.ActiveCfg = Debug|Any CPU
		{EC72E047-9D1A-4FFD-933D-C152003D3EDF}.Debug|Any CPU.Build.0 = Debug|Any CPU
		{EC72E047-9D1A-4FFD-933D-C152003D3EDF}.Release|Any CPU.ActiveCfg = Release|Any CPU
		{EC72E047-9D1A-4FFD-933D-C152003D3EDF}.Release|Any CPU.Build.0 = Release|Any CPU
		{84E12D09-1D5C-48DA-A8F4-BB85FA3A2A18}.Debug|Any CPU.ActiveCfg = Debug|Any CPU
		{84E12D09-1D5C-48DA-A8F4-BB85FA3A2A18}.Debug|Any CPU.Build.0 = Debug|Any CPU
		{84E12D09-1D5C-48DA-A8F4-BB85FA3A2A18}.Release|Any CPU.ActiveCfg = Release|Any CPU
		{84E12D09-1D5C-48DA-A8F4-BB85FA3A2A18}.Release|Any CPU.Build.0 = Release|Any CPU
		{A17FC145-29F7-42B0-B153-0DA87DAE37BE}.Debug|Any CPU.ActiveCfg = Debug|Any CPU
		{A17FC145-29F7-42B0-B153-0DA87DAE37BE}.Debug|Any CPU.Build.0 = Debug|Any CPU
		{A17FC145-29F7-42B0-B153-0DA87DAE37BE}.Release|Any CPU.ActiveCfg = Release|Any CPU
		{A17FC145-29F7-42B0-B153-0DA87DAE37BE}.Release|Any CPU.Build.0 = Release|Any CPU
		{700ED351-7933-42B0-B54C-97115F41051C}.Debug|Any CPU.ActiveCfg = Debug|Any CPU
		{700ED351-7933-42B0-B54C-97115F41051C}.Debug|Any CPU.Build.0 = Debug|Any CPU
		{700ED351-7933-42B0-B54C-97115F41051C}.Release|Any CPU.ActiveCfg = Release|Any CPU
		{700ED351-7933-42B0-B54C-97115F41051C}.Release|Any CPU.Build.0 = Release|Any CPU
		{359149A6-F77D-4EC0-BCE3-0C8C467F7648}.Debug|Any CPU.ActiveCfg = Debug|Any CPU
		{359149A6-F77D-4EC0-BCE3-0C8C467F7648}.Debug|Any CPU.Build.0 = Debug|Any CPU
		{359149A6-F77D-4EC0-BCE3-0C8C467F7648}.Release|Any CPU.ActiveCfg = Release|Any CPU
		{359149A6-F77D-4EC0-BCE3-0C8C467F7648}.Release|Any CPU.Build.0 = Release|Any CPU
		{26121069-5538-4F33-9548-977569DB99EF}.Debug|Any CPU.ActiveCfg = Debug|Any CPU
		{26121069-5538-4F33-9548-977569DB99EF}.Debug|Any CPU.Build.0 = Debug|Any CPU
		{26121069-5538-4F33-9548-977569DB99EF}.Release|Any CPU.ActiveCfg = Release|Any CPU
		{26121069-5538-4F33-9548-977569DB99EF}.Release|Any CPU.Build.0 = Release|Any CPU
		{ED7E43D5-B69B-4564-A141-4A9EFB33E623}.Debug|Any CPU.ActiveCfg = Debug|Any CPU
		{ED7E43D5-B69B-4564-A141-4A9EFB33E623}.Debug|Any CPU.Build.0 = Debug|Any CPU
		{ED7E43D5-B69B-4564-A141-4A9EFB33E623}.Release|Any CPU.ActiveCfg = Release|Any CPU
		{ED7E43D5-B69B-4564-A141-4A9EFB33E623}.Release|Any CPU.Build.0 = Release|Any CPU
		{D8E42E85-0494-44EB-99E5-B40FBD83AE65}.Debug|Any CPU.ActiveCfg = Debug|Any CPU
		{D8E42E85-0494-44EB-99E5-B40FBD83AE65}.Debug|Any CPU.Build.0 = Debug|Any CPU
		{D8E42E85-0494-44EB-99E5-B40FBD83AE65}.Release|Any CPU.ActiveCfg = Release|Any CPU
		{D8E42E85-0494-44EB-99E5-B40FBD83AE65}.Release|Any CPU.Build.0 = Release|Any CPU
		{9717149A-83B9-45FA-948F-8092ADCE74FE}.Debug|Any CPU.ActiveCfg = Debug|Any CPU
		{9717149A-83B9-45FA-948F-8092ADCE74FE}.Debug|Any CPU.Build.0 = Debug|Any CPU
		{9717149A-83B9-45FA-948F-8092ADCE74FE}.Release|Any CPU.ActiveCfg = Release|Any CPU
		{9717149A-83B9-45FA-948F-8092ADCE74FE}.Release|Any CPU.Build.0 = Release|Any CPU
		{3C4A1378-6138-445A-B7EA-7CF74D6E8FE1}.Debug|Any CPU.ActiveCfg = Debug|Any CPU
		{3C4A1378-6138-445A-B7EA-7CF74D6E8FE1}.Debug|Any CPU.Build.0 = Debug|Any CPU
		{3C4A1378-6138-445A-B7EA-7CF74D6E8FE1}.Release|Any CPU.ActiveCfg = Release|Any CPU
		{3C4A1378-6138-445A-B7EA-7CF74D6E8FE1}.Release|Any CPU.Build.0 = Release|Any CPU
		{4D9BF183-9E78-46DC-B50F-F4740E9E8118}.Debug|Any CPU.ActiveCfg = Debug|Any CPU
		{4D9BF183-9E78-46DC-B50F-F4740E9E8118}.Debug|Any CPU.Build.0 = Debug|Any CPU
		{4D9BF183-9E78-46DC-B50F-F4740E9E8118}.Release|Any CPU.ActiveCfg = Release|Any CPU
		{4D9BF183-9E78-46DC-B50F-F4740E9E8118}.Release|Any CPU.Build.0 = Release|Any CPU
		{993DCA0B-6496-4365-AD80-20AAC9C50EE0}.Debug|Any CPU.ActiveCfg = Debug|Any CPU
		{993DCA0B-6496-4365-AD80-20AAC9C50EE0}.Debug|Any CPU.Build.0 = Debug|Any CPU
		{993DCA0B-6496-4365-AD80-20AAC9C50EE0}.Release|Any CPU.ActiveCfg = Release|Any CPU
		{993DCA0B-6496-4365-AD80-20AAC9C50EE0}.Release|Any CPU.Build.0 = Release|Any CPU
		{8667A6E7-12F1-47FD-B92B-0CBA6DDDDB2B}.Debug|Any CPU.ActiveCfg = Debug|Any CPU
		{8667A6E7-12F1-47FD-B92B-0CBA6DDDDB2B}.Debug|Any CPU.Build.0 = Debug|Any CPU
		{8667A6E7-12F1-47FD-B92B-0CBA6DDDDB2B}.Release|Any CPU.ActiveCfg = Release|Any CPU
		{8667A6E7-12F1-47FD-B92B-0CBA6DDDDB2B}.Release|Any CPU.Build.0 = Release|Any CPU
	EndGlobalSection
EndGlobal
