
Microsoft Visual Studio Solution File, Format Version 12.00
# Visual Studio Version 16
VisualStudioVersion = 16.0.30114.105
MinimumVisualStudioVersion = 10.0.40219.1
Project("{FAE04EC0-301F-11D3-BF4B-00C04F79EFBC}") = "Roblox.Administration", "Roblox.Administration\Roblox.Administration.csproj", "{90322534-DF29-41A8-A009-35DEDA3C50F4}"
EndProject
Project("{FAE04EC0-301F-11D3-BF4B-00C04F79EFBC}") = "Roblox.Platform.Asset", "..\Platform\Asset\Roblox.Platform.Asset\Roblox.Platform.Asset.csproj", "{366D59C4-E88C-457C-B46F-A1E3A890A614}"
EndProject
Project("{FAE04EC0-301F-11D3-BF4B-00C04F79EFBC}") = "Roblox.Assets.Client", "..\ApiClients\Roblox.Assets.Client\Roblox.Assets.Client.csproj", "{5DCC4B2C-8E44-4120-A957-0BD3A0219B85}"
EndProject
Project("{FAE04EC0-301F-11D3-BF4B-00C04F79EFBC}") = "Roblox.AssetVersions.Client", "..\ApiClients\Roblox.AssetVersions.Client\Roblox.AssetVersions.Client.csproj", "{5EEA6404-B792-4E1C-8D37-5D1C57978DB4}"
EndProject
Project("{FAE04EC0-301F-11D3-BF4B-00C04F79EFBC}") = "Roblox.Avatar.Client", "..\ApiClients\Roblox.Avatar.Client\Roblox.Avatar.Client.csproj", "{D78160C5-138A-4BFF-9D2A-3182FFBA7AF2}"
EndProject
Project("{FAE04EC0-301F-11D3-BF4B-00C04F79EFBC}") = "Roblox.Files.Client", "..\ApiClients\Roblox.Files.Client\Roblox.Files.Client.csproj", "{A677200F-1152-4A5F-90B0-F97F92B5A7A8}"
EndProject
Project("{FAE04EC0-301F-11D3-BF4B-00C04F79EFBC}") = "Roblox.Ownership.Client", "..\ApiClients\Roblox.Ownership.Client\Roblox.Ownership.Client.csproj", "{1376C9CF-86F7-4A8F-87D5-FDEB676D17A6}"
EndProject
Project("{FAE04EC0-301F-11D3-BF4B-00C04F79EFBC}") = "Roblox.Users.Client", "..\ApiClients\Roblox.Users.Client\Roblox.Users.Client.csproj", "{11B84455-6916-4BF7-9769-207DB196C9C6}"
EndProject
Project("{FAE04EC0-301F-11D3-BF4B-00C04F79EFBC}") = "Roblox.Marketplace.Client", "..\ApiClients\Roblox.Marketplace.Client\Roblox.Marketplace.Client.csproj", "{65096CB6-B98A-499F-AEAF-0ABCA8FCBD63}"
EndProject
Project("{FAE04EC0-301F-11D3-BF4B-00C04F79EFBC}") = "Roblox.ApiClientBase", "..\ApiClients\ApiClientBase\Roblox.ApiClientBase\Roblox.ApiClientBase.csproj", "{F9E3B378-280F-4C96-934F-F6BDDCA9FCC7}"
EndProject
Project("{FAE04EC0-301F-11D3-BF4B-00C04F79EFBC}") = "Roblox.Platform.Rendering", "..\Platform\Rendering\Roblox.Platform.Rendering\Roblox.Platform.Rendering.csproj", "{C63197EC-F314-4EAA-9CBD-4FA3E1B95318}"
EndProject
Global
	GlobalSection(SolutionConfigurationPlatforms) = preSolution
		Debug|Any CPU = Debug|Any CPU
		Release|Any CPU = Release|Any CPU
	EndGlobalSection
	GlobalSection(SolutionProperties) = preSolution
		HideSolutionNode = FALSE
	EndGlobalSection
	GlobalSection(ProjectConfigurationPlatforms) = postSolution
		{90322534-DF29-41A8-A009-35DEDA3C50F4}.Debug|Any CPU.ActiveCfg = Debug|Any CPU
		{90322534-DF29-41A8-A009-35DEDA3C50F4}.Debug|Any CPU.Build.0 = Debug|Any CPU
		{90322534-DF29-41A8-A009-35DEDA3C50F4}.Release|Any CPU.ActiveCfg = Release|Any CPU
		{90322534-DF29-41A8-A009-35DEDA3C50F4}.Release|Any CPU.Build.0 = Release|Any CPU
		{366D59C4-E88C-457C-B46F-A1E3A890A614}.Debug|Any CPU.ActiveCfg = Debug|Any CPU
		{366D59C4-E88C-457C-B46F-A1E3A890A614}.Debug|Any CPU.Build.0 = Debug|Any CPU
		{366D59C4-E88C-457C-B46F-A1E3A890A614}.Release|Any CPU.ActiveCfg = Release|Any CPU
		{366D59C4-E88C-457C-B46F-A1E3A890A614}.Release|Any CPU.Build.0 = Release|Any CPU
		{5DCC4B2C-8E44-4120-A957-0BD3A0219B85}.Debug|Any CPU.ActiveCfg = Debug|Any CPU
		{5DCC4B2C-8E44-4120-A957-0BD3A0219B85}.Debug|Any CPU.Build.0 = Debug|Any CPU
		{5DCC4B2C-8E44-4120-A957-0BD3A0219B85}.Release|Any CPU.ActiveCfg = Release|Any CPU
		{5DCC4B2C-8E44-4120-A957-0BD3A0219B85}.Release|Any CPU.Build.0 = Release|Any CPU
		{5EEA6404-B792-4E1C-8D37-5D1C57978DB4}.Debug|Any CPU.ActiveCfg = Debug|Any CPU
		{5EEA6404-B792-4E1C-8D37-5D1C57978DB4}.Debug|Any CPU.Build.0 = Debug|Any CPU
		{5EEA6404-B792-4E1C-8D37-5D1C57978DB4}.Release|Any CPU.ActiveCfg = Release|Any CPU
		{5EEA6404-B792-4E1C-8D37-5D1C57978DB4}.Release|Any CPU.Build.0 = Release|Any CPU
		{D78160C5-138A-4BFF-9D2A-3182FFBA7AF2}.Debug|Any CPU.ActiveCfg = Debug|Any CPU
		{D78160C5-138A-4BFF-9D2A-3182FFBA7AF2}.Debug|Any CPU.Build.0 = Debug|Any CPU
		{D78160C5-138A-4BFF-9D2A-3182FFBA7AF2}.Release|Any CPU.ActiveCfg = Release|Any CPU
		{D78160C5-138A-4BFF-9D2A-3182FFBA7AF2}.Release|Any CPU.Build.0 = Release|Any CPU
		{A677200F-1152-4A5F-90B0-F97F92B5A7A8}.Debug|Any CPU.ActiveCfg = Debug|Any CPU
		{A677200F-1152-4A5F-90B0-F97F92B5A7A8}.Debug|Any CPU.Build.0 = Debug|Any CPU
		{A677200F-1152-4A5F-90B0-F97F92B5A7A8}.Release|Any CPU.ActiveCfg = Release|Any CPU
		{A677200F-1152-4A5F-90B0-F97F92B5A7A8}.Release|Any CPU.Build.0 = Release|Any CPU
		{1376C9CF-86F7-4A8F-87D5-FDEB676D17A6}.Debug|Any CPU.ActiveCfg = Debug|Any CPU
		{1376C9CF-86F7-4A8F-87D5-FDEB676D17A6}.Debug|Any CPU.Build.0 = Debug|Any CPU
		{1376C9CF-86F7-4A8F-87D5-FDEB676D17A6}.Release|Any CPU.ActiveCfg = Release|Any CPU
		{1376C9CF-86F7-4A8F-87D5-FDEB676D17A6}.Release|Any CPU.Build.0 = Release|Any CPU
		{11B84455-6916-4BF7-9769-207DB196C9C6}.Debug|Any CPU.ActiveCfg = Debug|Any CPU
		{11B84455-6916-4BF7-9769-207DB196C9C6}.Debug|Any CPU.Build.0 = Debug|Any CPU
		{11B84455-6916-4BF7-9769-207DB196C9C6}.Release|Any CPU.ActiveCfg = Release|Any CPU
		{11B84455-6916-4BF7-9769-207DB196C9C6}.Release|Any CPU.Build.0 = Release|Any CPU
		{65096CB6-B98A-499F-AEAF-0ABCA8FCBD63}.Debug|Any CPU.ActiveCfg = Debug|Any CPU
		{65096CB6-B98A-499F-AEAF-0ABCA8FCBD63}.Debug|Any CPU.Build.0 = Debug|Any CPU
		{65096CB6-B98A-499F-AEAF-0ABCA8FCBD63}.Release|Any CPU.ActiveCfg = Release|Any CPU
		{65096CB6-B98A-499F-AEAF-0ABCA8FCBD63}.Release|Any CPU.Build.0 = Release|Any CPU
		{F9E3B378-280F-4C96-934F-F6BDDCA9FCC7}.Debug|Any CPU.ActiveCfg = Debug|Any CPU
		{F9E3B378-280F-4C96-934F-F6BDDCA9FCC7}.Debug|Any CPU.Build.0 = Debug|Any CPU
		{F9E3B378-280F-4C96-934F-F6BDDCA9FCC7}.Release|Any CPU.ActiveCfg = Release|Any CPU
		{F9E3B378-280F-4C96-934F-F6BDDCA9FCC7}.Release|Any CPU.Build.0 = Release|Any CPU
		{C63197EC-F314-4EAA-9CBD-4FA3E1B95318}.Debug|Any CPU.ActiveCfg = Debug|Any CPU
		{C63197EC-F314-4EAA-9CBD-4FA3E1B95318}.Debug|Any CPU.Build.0 = Debug|Any CPU
		{C63197EC-F314-4EAA-9CBD-4FA3E1B95318}.Release|Any CPU.ActiveCfg = Release|Any CPU
		{C63197EC-F314-4EAA-9CBD-4FA3E1B95318}.Release|Any CPU.Build.0 = Release|Any CPU
	EndGlobalSection
EndGlobal
